<?xml version="1.0" encoding="UTF-8" standalone="yes" ?>
<CodeBlocks_project_file>
	<FileVersion major="1" minor="6" />
	<Project>
		<Option title="Quantum" />
		<Option pch_mode="2" />
		<Option compiler="gcc" />
		<Build>
			<Target title="Debug">
				<Option output="../__bin/Debug/canvas2d" prefix_auto="1" extension_auto="1" />
				<Option working_dir="../" />
				<Option object_output="../__obj/Debug/" />
				<Option type="1" />
				<Option compiler="gcc" />
				<Compiler>
					<Add option="-g" />
				</Compiler>
			</Target>
			<Target title="Release">
				<Option output="../__bin/Release/canvas2d" prefix_auto="1" extension_auto="1" />
				<Option working_dir="../" />
				<Option object_output="../__obj/Release/" />
				<Option type="1" />
				<Option compiler="gcc" />
				<Compiler>
					<Add option="-O2 -Wall" />
				</Compiler>
				<Linker>
					<Add option="-s" />
				</Linker>
			</Target>
		</Build>
		<Compiler>
			<Add option="-Wall" />
			<Add option="-fexceptions" />
			<Add option="-std=c++11" />
			<Add directory="../include" />
		</Compiler>
		<Unit filename="src/Complex.h" />
		<Unit filename="src/Operation.h" />
		<Unit filename="src/Qubit.h" />
		<Unit filename="src/Utils.h" />
		<Unit filename="src/main.cpp" />
		<Extensions>
			<code_completion />
			<envvars />
			<debugger />
		</Extensions>
	</Project>
</CodeBlocks_project_file>
